
Microsoft Visual Studio Solution File, Format Version 12.00
# Visual Studio Version 16
VisualStudioVersion = 16.0.29201.188
MinimumVisualStudioVersion = 10.0.40219.1
Project("{2150E333-8FDC-42A3-9474-1A3956D46DE8}") = "01-Testes-de-Unidade", "01-Testes-de-Unidade", "{C8BB135F-5429-4106-A9E7-673CF0919706}"
EndProject
Project("{2150E333-8FDC-42A3-9474-1A3956D46DE8}") = "1.1-Testes-Basicos", "1.1-Testes-Basicos", "{4A03A252-9457-4910-BA03-66036B2B67FC}"
EndProject
Project("{FAE04EC0-301F-11D3-BF4B-00C04F79EFBC}") = "Demo", "01-Testes-De-Unidade\Demo\Demo.csproj", "{4AEC31F7-11D5-4A62-9CA6-30E54BAA066B}"
EndProject
Project("{FAE04EC0-301F-11D3-BF4B-00C04F79EFBC}") = "Demo.Tests", "01-Testes-De-Unidade\Demo.Tests\Demo.Tests.csproj", "{7EC9E4BB-8946-4F1B-8C98-4FC53B675E94}"
EndProject
Global
	GlobalSection(SolutionConfigurationPlatforms) = preSolution
		Debug|Any CPU = Debug|Any CPU
		Release|Any CPU = Release|Any CPU
	EndGlobalSection
	GlobalSection(ProjectConfigurationPlatforms) = postSolution
		{4AEC31F7-11D5-4A62-9CA6-30E54BAA066B}.Debug|Any CPU.ActiveCfg = Debug|Any CPU
		{4AEC31F7-11D5-4A62-9CA6-30E54BAA066B}.Debug|Any CPU.Build.0 = Debug|Any CPU
		{4AEC31F7-11D5-4A62-9CA6-30E54BAA066B}.Release|Any CPU.ActiveCfg = Release|Any CPU
		{4AEC31F7-11D5-4A62-9CA6-30E54BAA066B}.Release|Any CPU.Build.0 = Release|Any CPU
		{7EC9E4BB-8946-4F1B-8C98-4FC53B675E94}.Debug|Any CPU.ActiveCfg = Debug|Any CPU
		{7EC9E4BB-8946-4F1B-8C98-4FC53B675E94}.Debug|Any CPU.Build.0 = Debug|Any CPU
		{7EC9E4BB-8946-4F1B-8C98-4FC53B675E94}.Release|Any CPU.ActiveCfg = Release|Any CPU
		{7EC9E4BB-8946-4F1B-8C98-4FC53B675E94}.Release|Any CPU.Build.0 = Release|Any CPU
	EndGlobalSection
	GlobalSection(SolutionProperties) = preSolution
		HideSolutionNode = FALSE
	EndGlobalSection
	GlobalSection(NestedProjects) = preSolution
		{4A03A252-9457-4910-BA03-66036B2B67FC} = {C8BB135F-5429-4106-A9E7-673CF0919706}
		{4AEC31F7-11D5-4A62-9CA6-30E54BAA066B} = {4A03A252-9457-4910-BA03-66036B2B67FC}
		{7EC9E4BB-8946-4F1B-8C98-4FC53B675E94} = {4A03A252-9457-4910-BA03-66036B2B67FC}
	EndGlobalSection
	GlobalSection(ExtensibilityGlobals) = postSolution
		SolutionGuid = {03D587D2-E865-4DD1-A702-82689620F82C}
	EndGlobalSection
EndGlobal
